
Microsoft Visual Studio Solution File, Format Version 12.00
# Visual Studio Version 17
VisualStudioVersion = 17.0.31903.59
MinimumVisualStudioVersion = 10.0.40219.1
Project("{9A19103F-16F7-4668-BE54-9A1E7A4F7556}") = "RPA.MIT.ReferenceData.Api", "RPA.MIT.ReferenceData.Api\RPA.MIT.ReferenceData.Api.csproj", "{7DD73A5A-29BC-4804-82F6-D9F45CFB64D1}"
EndProject
Project("{9A19103F-16F7-4668-BE54-9A1E7A4F7556}") = "RPA.MIT.ReferenceData.Api.Test", "RPA.MIT.ReferenceData.Api.Test\RPA.MIT.ReferenceData.Api.Test.csproj", "{261EE93D-576D-40F5-835F-7AD034CB6AC4}"
EndProject
Project("{9A19103F-16F7-4668-BE54-9A1E7A4F7556}") = "RPA.MIT.ReferenceData.Data", "RPA.MIT.ReferenceData.Data\RPA.MIT.ReferenceData.Data.csproj", "{5263E966-53C0-4EB8-B9F4-700CF24CD553}"
EndProject
Global
	GlobalSection(SolutionConfigurationPlatforms) = preSolution
		Debug|Any CPU = Debug|Any CPU
		Release|Any CPU = Release|Any CPU
	EndGlobalSection
	GlobalSection(ProjectConfigurationPlatforms) = postSolution
		{7DD73A5A-29BC-4804-82F6-D9F45CFB64D1}.Debug|Any CPU.ActiveCfg = Debug|Any CPU
		{7DD73A5A-29BC-4804-82F6-D9F45CFB64D1}.Debug|Any CPU.Build.0 = Debug|Any CPU
		{7DD73A5A-29BC-4804-82F6-D9F45CFB64D1}.Release|Any CPU.ActiveCfg = Release|Any CPU
		{7DD73A5A-29BC-4804-82F6-D9F45CFB64D1}.Release|Any CPU.Build.0 = Release|Any CPU
		{261EE93D-576D-40F5-835F-7AD034CB6AC4}.Debug|Any CPU.ActiveCfg = Debug|Any CPU
		{261EE93D-576D-40F5-835F-7AD034CB6AC4}.Debug|Any CPU.Build.0 = Debug|Any CPU
		{261EE93D-576D-40F5-835F-7AD034CB6AC4}.Release|Any CPU.ActiveCfg = Release|Any CPU
		{261EE93D-576D-40F5-835F-7AD034CB6AC4}.Release|Any CPU.Build.0 = Release|Any CPU
		{5263E966-53C0-4EB8-B9F4-700CF24CD553}.Debug|Any CPU.ActiveCfg = Debug|Any CPU
		{5263E966-53C0-4EB8-B9F4-700CF24CD553}.Debug|Any CPU.Build.0 = Debug|Any CPU
		{5263E966-53C0-4EB8-B9F4-700CF24CD553}.Release|Any CPU.ActiveCfg = Release|Any CPU
		{5263E966-53C0-4EB8-B9F4-700CF24CD553}.Release|Any CPU.Build.0 = Release|Any CPU
	EndGlobalSection
	GlobalSection(SolutionProperties) = preSolution
		HideSolutionNode = FALSE
	EndGlobalSection
	GlobalSection(ExtensibilityGlobals) = postSolution
		SolutionGuid = {C56D06C6-EA58-408A-91D6-0267D8F5164B}
	EndGlobalSection
EndGlobal
